
Microsoft Visual Studio Solution File, Format Version 12.00
# Visual Studio Version 17
VisualStudioVersion = 17.14.36915.13 d17.14
MinimumVisualStudioVersion = 10.0.40219.1
Project("{FAE04EC0-301F-11D3-BF4B-00C04F79EFBC}") = "Assignment 14", "Assignment 14\Assignment 14.csproj", "{58A6FAAB-5C59-4836-9234-8514950EC27D}"
EndProject
Global
	GlobalSection(SolutionConfigurationPlatforms) = preSolution
		Debug|Any CPU = Debug|Any CPU
		Release|Any CPU = Release|Any CPU
	EndGlobalSection
	GlobalSection(ProjectConfigurationPlatforms) = postSolution
		{58A6FAAB-5C59-4836-9234-8514950EC27D}.Debug|Any CPU.ActiveCfg = Debug|Any CPU
		{58A6FAAB-5C59-4836-9234-8514950EC27D}.Debug|Any CPU.Build.0 = Debug|Any CPU
		{58A6FAAB-5C59-4836-9234-8514950EC27D}.Release|Any CPU.ActiveCfg = Release|Any CPU
		{58A6FAAB-5C59-4836-9234-8514950EC27D}.Release|Any CPU.Build.0 = Release|Any CPU
	EndGlobalSection
	GlobalSection(SolutionProperties) = preSolution
		HideSolutionNode = FALSE
	EndGlobalSection
	GlobalSection(ExtensibilityGlobals) = postSolution
		SolutionGuid = {53061B55-12EC-43CC-AE9C-F14DAC60E0FA}
	EndGlobalSection
EndGlobal
